
Microsoft Visual Studio Solution File, Format Version 12.00
# Visual Studio Version 17
VisualStudioVersion = 17.11.35222.181
MinimumVisualStudioVersion = 10.0.40219.1
Project("{9A19103F-16F7-4668-BE54-9A1E7A4F7556}") = "ProjectMeneger", "WinFormsApp1\ProjectMeneger.csproj", "{8D5B706D-53F1-401F-8665-D243719C9467}"
EndProject
Global
	GlobalSection(SolutionConfigurationPlatforms) = preSolution
		Debug|Any CPU = Debug|Any CPU
		Release|Any CPU = Release|Any CPU
	EndGlobalSection
	GlobalSection(ProjectConfigurationPlatforms) = postSolution
		{8D5B706D-53F1-401F-8665-D243719C9467}.Debug|Any CPU.ActiveCfg = Debug|Any CPU
		{8D5B706D-53F1-401F-8665-D243719C9467}.Debug|Any CPU.Build.0 = Debug|Any CPU
		{8D5B706D-53F1-401F-8665-D243719C9467}.Release|Any CPU.ActiveCfg = Release|Any CPU
		{8D5B706D-53F1-401F-8665-D243719C9467}.Release|Any CPU.Build.0 = Release|Any CPU
	EndGlobalSection
	GlobalSection(SolutionProperties) = preSolution
		HideSolutionNode = FALSE
	EndGlobalSection
	GlobalSection(ExtensibilityGlobals) = postSolution
		SolutionGuid = {7A1539D8-D6E3-4B45-B1E6-45345692D481}
	EndGlobalSection
EndGlobal
